
Microsoft Visual Studio Solution File, Format Version 12.00
# Visual Studio Version 16
VisualStudioVersion = 16.0.34301.259
MinimumVisualStudioVersion = 10.0.40219.1
Project("{FAE04EC0-301F-11D3-BF4B-00C04F79EFBC}") = "HearingAssistant", "HearingAssistant\HearingAssistant.csproj", "{A10A4FAC-AAF1-4C77-BBA4-B46EBD49C672}"
EndProject
Global
	GlobalSection(SolutionConfigurationPlatforms) = preSolution
		Debug|Any CPU = Debug|Any CPU
		Release|Any CPU = Release|Any CPU
	EndGlobalSection
	GlobalSection(ProjectConfigurationPlatforms) = postSolution
		{A10A4FAC-AAF1-4C77-BBA4-B46EBD49C672}.Debug|Any CPU.ActiveCfg = Debug|Any CPU
		{A10A4FAC-AAF1-4C77-BBA4-B46EBD49C672}.Debug|Any CPU.Build.0 = Debug|Any CPU
		{A10A4FAC-AAF1-4C77-BBA4-B46EBD49C672}.Release|Any CPU.ActiveCfg = Release|Any CPU
		{A10A4FAC-AAF1-4C77-BBA4-B46EBD49C672}.Release|Any CPU.Build.0 = Release|Any CPU
	EndGlobalSection
	GlobalSection(SolutionProperties) = preSolution
		HideSolutionNode = FALSE
	EndGlobalSection
	GlobalSection(ExtensibilityGlobals) = postSolution
		SolutionGuid = {E97806CC-F09E-41CE-B0AA-C6E5CD3895C1}
	EndGlobalSection
EndGlobal
